
Microsoft Visual Studio Solution File, Format Version 12.00
# Visual Studio 14
VisualStudioVersion = 14.0.25420.1
MinimumVisualStudioVersion = 10.0.40219.1
Project("{FAE04EC0-301F-11D3-BF4B-00C04F79EFBC}") = "App4", "App4\App4\App4.csproj", "{5934B8DC-E6C3-4F03-A814-93CE24A161BE}"
EndProject
Project("{FAE04EC0-301F-11D3-BF4B-00C04F79EFBC}") = "App4.Droid", "App4\App4.Droid\App4.Droid.csproj", "{A63CF94A-9B55-4731-9AAC-4CB342E3F9EC}"
EndProject
Project("{FAE04EC0-301F-11D3-BF4B-00C04F79EFBC}") = "App4.iOS", "App4\App4.iOS\App4.iOS.csproj", "{499E3CD2-0217-4FF8-B1CE-65E4AD703790}"
EndProject
Global
	GlobalSection(SolutionConfigurationPlatforms) = preSolution
		Ad-Hoc|Any CPU = Ad-Hoc|Any CPU
		Ad-Hoc|ARM = Ad-Hoc|ARM
		Ad-Hoc|iPhone = Ad-Hoc|iPhone
		Ad-Hoc|iPhoneSimulator = Ad-Hoc|iPhoneSimulator
		Ad-Hoc|x64 = Ad-Hoc|x64
		Ad-Hoc|x86 = Ad-Hoc|x86
		AppStore|Any CPU = AppStore|Any CPU
		AppStore|ARM = AppStore|ARM
		AppStore|iPhone = AppStore|iPhone
		AppStore|iPhoneSimulator = AppStore|iPhoneSimulator
		AppStore|x64 = AppStore|x64
		AppStore|x86 = AppStore|x86
		Debug|Any CPU = Debug|Any CPU
		Debug|ARM = Debug|ARM
		Debug|iPhone = Debug|iPhone
		Debug|iPhoneSimulator = Debug|iPhoneSimulator
		Debug|x64 = Debug|x64
		Debug|x86 = Debug|x86
		Release|Any CPU = Release|Any CPU
		Release|ARM = Release|ARM
		Release|iPhone = Release|iPhone
		Release|iPhoneSimulator = Release|iPhoneSimulator
		Release|x64 = Release|x64
		Release|x86 = Release|x86
	EndGlobalSection
	GlobalSection(ProjectConfigurationPlatforms) = postSolution
		{5934B8DC-E6C3-4F03-A814-93CE24A161BE}.Ad-Hoc|Any CPU.ActiveCfg = Release|Any CPU
		{5934B8DC-E6C3-4F03-A814-93CE24A161BE}.Ad-Hoc|Any CPU.Build.0 = Release|Any CPU
		{5934B8DC-E6C3-4F03-A814-93CE24A161BE}.Ad-Hoc|ARM.ActiveCfg = Release|Any CPU
		{5934B8DC-E6C3-4F03-A814-93CE24A161BE}.Ad-Hoc|ARM.Build.0 = Release|Any CPU
		{5934B8DC-E6C3-4F03-A814-93CE24A161BE}.Ad-Hoc|iPhone.ActiveCfg = Release|Any CPU
		{5934B8DC-E6C3-4F03-A814-93CE24A161BE}.Ad-Hoc|iPhone.Build.0 = Release|Any CPU
		{5934B8DC-E6C3-4F03-A814-93CE24A161BE}.Ad-Hoc|iPhoneSimulator.ActiveCfg = Release|Any CPU
		{5934B8DC-E6C3-4F03-A814-93CE24A161BE}.Ad-Hoc|iPhoneSimulator.Build.0 = Release|Any CPU
		{5934B8DC-E6C3-4F03-A814-93CE24A161BE}.Ad-Hoc|x64.ActiveCfg = Release|Any CPU
		{5934B8DC-E6C3-4F03-A814-93CE24A161BE}.Ad-Hoc|x64.Build.0 = Release|Any CPU
		{5934B8DC-E6C3-4F03-A814-93CE24A161BE}.Ad-Hoc|x86.ActiveCfg = Release|Any CPU
		{5934B8DC-E6C3-4F03-A814-93CE24A161BE}.Ad-Hoc|x86.Build.0 = Release|Any CPU
		{5934B8DC-E6C3-4F03-A814-93CE24A161BE}.AppStore|Any CPU.ActiveCfg = Release|Any CPU
		{5934B8DC-E6C3-4F03-A814-93CE24A161BE}.AppStore|Any CPU.Build.0 = Release|Any CPU
		{5934B8DC-E6C3-4F03-A814-93CE24A161BE}.AppStore|ARM.ActiveCfg = Release|Any CPU
		{5934B8DC-E6C3-4F03-A814-93CE24A161BE}.AppStore|ARM.Build.0 = Release|Any CPU
		{5934B8DC-E6C3-4F03-A814-93CE24A161BE}.AppStore|iPhone.ActiveCfg = Release|Any CPU
		{5934B8DC-E6C3-4F03-A814-93CE24A161BE}.AppStore|iPhone.Build.0 = Release|Any CPU
		{5934B8DC-E6C3-4F03-A814-93CE24A161BE}.AppStore|iPhoneSimulator.ActiveCfg = Release|Any CPU
		{5934B8DC-E6C3-4F03-A814-93CE24A161BE}.AppStore|iPhoneSimulator.Build.0 = Release|Any CPU
		{5934B8DC-E6C3-4F03-A814-93CE24A161BE}.AppStore|x64.ActiveCfg = Release|Any CPU
		{5934B8DC-E6C3-4F03-A814-93CE24A161BE}.AppStore|x64.Build.0 = Release|Any CPU
		{5934B8DC-E6C3-4F03-A814-93CE24A161BE}.AppStore|x86.ActiveCfg = Release|Any CPU
		{5934B8DC-E6C3-4F03-A814-93CE24A161BE}.AppStore|x86.Build.0 = Release|Any CPU
		{5934B8DC-E6C3-4F03-A814-93CE24A161BE}.Debug|Any CPU.ActiveCfg = Debug|Any CPU
		{5934B8DC-E6C3-4F03-A814-93CE24A161BE}.Debug|Any CPU.Build.0 = Debug|Any CPU
		{5934B8DC-E6C3-4F03-A814-93CE24A161BE}.Debug|ARM.ActiveCfg = Debug|Any CPU
		{5934B8DC-E6C3-4F03-A814-93CE24A161BE}.Debug|ARM.Build.0 = Debug|Any CPU
		{5934B8DC-E6C3-4F03-A814-93CE24A161BE}.Debug|iPhone.ActiveCfg = Debug|Any CPU
		{5934B8DC-E6C3-4F03-A814-93CE24A161BE}.Debug|iPhone.Build.0 = Debug|Any CPU
		{5934B8DC-E6C3-4F03-A814-93CE24A161BE}.Debug|iPhoneSimulator.ActiveCfg = Debug|Any CPU
		{5934B8DC-E6C3-4F03-A814-93CE24A161BE}.Debug|iPhoneSimulator.Build.0 = Debug|Any CPU
		{5934B8DC-E6C3-4F03-A814-93CE24A161BE}.Debug|x64.ActiveCfg = Debug|Any CPU
		{5934B8DC-E6C3-4F03-A814-93CE24A161BE}.Debug|x64.Build.0 = Debug|Any CPU
		{5934B8DC-E6C3-4F03-A814-93CE24A161BE}.Debug|x86.ActiveCfg = Debug|Any CPU
		{5934B8DC-E6C3-4F03-A814-93CE24A161BE}.Debug|x86.Build.0 = Debug|Any CPU
		{5934B8DC-E6C3-4F03-A814-93CE24A161BE}.Release|Any CPU.ActiveCfg = Release|Any CPU
		{5934B8DC-E6C3-4F03-A814-93CE24A161BE}.Release|Any CPU.Build.0 = Release|Any CPU
		{5934B8DC-E6C3-4F03-A814-93CE24A161BE}.Release|ARM.ActiveCfg = Release|Any CPU
		{5934B8DC-E6C3-4F03-A814-93CE24A161BE}.Release|ARM.Build.0 = Release|Any CPU
		{5934B8DC-E6C3-4F03-A814-93CE24A161BE}.Release|iPhone.ActiveCfg = Release|Any CPU
		{5934B8DC-E6C3-4F03-A814-93CE24A161BE}.Release|iPhone.Build.0 = Release|Any CPU
		{5934B8DC-E6C3-4F03-A814-93CE24A161BE}.Release|iPhoneSimulator.ActiveCfg = Release|Any CPU
		{5934B8DC-E6C3-4F03-A814-93CE24A161BE}.Release|iPhoneSimulator.Build.0 = Release|Any CPU
		{5934B8DC-E6C3-4F03-A814-93CE24A161BE}.Release|x64.ActiveCfg = Release|Any CPU
		{5934B8DC-E6C3-4F03-A814-93CE24A161BE}.Release|x64.Build.0 = Release|Any CPU
		{5934B8DC-E6C3-4F03-A814-93CE24A161BE}.Release|x86.ActiveCfg = Release|Any CPU
		{5934B8DC-E6C3-4F03-A814-93CE24A161BE}.Release|x86.Build.0 = Release|Any CPU
		{A63CF94A-9B55-4731-9AAC-4CB342E3F9EC}.Ad-Hoc|Any CPU.ActiveCfg = Release|Any CPU
		{A63CF94A-9B55-4731-9AAC-4CB342E3F9EC}.Ad-Hoc|Any CPU.Build.0 = Release|Any CPU
		{A63CF94A-9B55-4731-9AAC-4CB342E3F9EC}.Ad-Hoc|Any CPU.Deploy.0 = Release|Any CPU
		{A63CF94A-9B55-4731-9AAC-4CB342E3F9EC}.Ad-Hoc|ARM.ActiveCfg = Release|Any CPU
		{A63CF94A-9B55-4731-9AAC-4CB342E3F9EC}.Ad-Hoc|ARM.Build.0 = Release|Any CPU
		{A63CF94A-9B55-4731-9AAC-4CB342E3F9EC}.Ad-Hoc|ARM.Deploy.0 = Release|Any CPU
		{A63CF94A-9B55-4731-9AAC-4CB342E3F9EC}.Ad-Hoc|iPhone.ActiveCfg = Release|Any CPU
		{A63CF94A-9B55-4731-9AAC-4CB342E3F9EC}.Ad-Hoc|iPhone.Build.0 = Release|Any CPU
		{A63CF94A-9B55-4731-9AAC-4CB342E3F9EC}.Ad-Hoc|iPhone.Deploy.0 = Release|Any CPU
		{A63CF94A-9B55-4731-9AAC-4CB342E3F9EC}.Ad-Hoc|iPhoneSimulator.ActiveCfg = Release|Any CPU
		{A63CF94A-9B55-4731-9AAC-4CB342E3F9EC}.Ad-Hoc|iPhoneSimulator.Build.0 = Release|Any CPU
		{A63CF94A-9B55-4731-9AAC-4CB342E3F9EC}.Ad-Hoc|iPhoneSimulator.Deploy.0 = Release|Any CPU
		{A63CF94A-9B55-4731-9AAC-4CB342E3F9EC}.Ad-Hoc|x64.ActiveCfg = Release|Any CPU
		{A63CF94A-9B55-4731-9AAC-4CB342E3F9EC}.Ad-Hoc|x64.Build.0 = Release|Any CPU
		{A63CF94A-9B55-4731-9AAC-4CB342E3F9EC}.Ad-Hoc|x64.Deploy.0 = Release|Any CPU
		{A63CF94A-9B55-4731-9AAC-4CB342E3F9EC}.Ad-Hoc|x86.ActiveCfg = Release|Any CPU
		{A63CF94A-9B55-4731-9AAC-4CB342E3F9EC}.Ad-Hoc|x86.Build.0 = Release|Any CPU
		{A63CF94A-9B55-4731-9AAC-4CB342E3F9EC}.Ad-Hoc|x86.Deploy.0 = Release|Any CPU
		{A63CF94A-9B55-4731-9AAC-4CB342E3F9EC}.AppStore|Any CPU.ActiveCfg = Release|Any CPU
		{A63CF94A-9B55-4731-9AAC-4CB342E3F9EC}.AppStore|Any CPU.Build.0 = Release|Any CPU
		{A63CF94A-9B55-4731-9AAC-4CB342E3F9EC}.AppStore|Any CPU.Deploy.0 = Release|Any CPU
		{A63CF94A-9B55-4731-9AAC-4CB342E3F9EC}.AppStore|ARM.ActiveCfg = Release|Any CPU
		{A63CF94A-9B55-4731-9AAC-4CB342E3F9EC}.AppStore|ARM.Build.0 = Release|Any CPU
		{A63CF94A-9B55-4731-9AAC-4CB342E3F9EC}.AppStore|ARM.Deploy.0 = Release|Any CPU
		{A63CF94A-9B55-4731-9AAC-4CB342E3F9EC}.AppStore|iPhone.ActiveCfg = Release|Any CPU
		{A63CF94A-9B55-4731-9AAC-4CB342E3F9EC}.AppStore|iPhone.Build.0 = Release|Any CPU
		{A63CF94A-9B55-4731-9AAC-4CB342E3F9EC}.AppStore|iPhone.Deploy.0 = Release|Any CPU
		{A63CF94A-9B55-4731-9AAC-4CB342E3F9EC}.AppStore|iPhoneSimulator.ActiveCfg = Release|Any CPU
		{A63CF94A-9B55-4731-9AAC-4CB342E3F9EC}.AppStore|iPhoneSimulator.Build.0 = Release|Any CPU
		{A63CF94A-9B55-4731-9AAC-4CB342E3F9EC}.AppStore|iPhoneSimulator.Deploy.0 = Release|Any CPU
		{A63CF94A-9B55-4731-9AAC-4CB342E3F9EC}.AppStore|x64.ActiveCfg = Release|Any CPU
		{A63CF94A-9B55-4731-9AAC-4CB342E3F9EC}.AppStore|x64.Build.0 = Release|Any CPU
		{A63CF94A-9B55-4731-9AAC-4CB342E3F9EC}.AppStore|x64.Deploy.0 = Release|Any CPU
		{A63CF94A-9B55-4731-9AAC-4CB342E3F9EC}.AppStore|x86.ActiveCfg = Release|Any CPU
		{A63CF94A-9B55-4731-9AAC-4CB342E3F9EC}.AppStore|x86.Build.0 = Release|Any CPU
		{A63CF94A-9B55-4731-9AAC-4CB342E3F9EC}.AppStore|x86.Deploy.0 = Release|Any CPU
		{A63CF94A-9B55-4731-9AAC-4CB342E3F9EC}.Debug|Any CPU.ActiveCfg = Debug|Any CPU
		{A63CF94A-9B55-4731-9AAC-4CB342E3F9EC}.Debug|Any CPU.Build.0 = Debug|Any CPU
		{A63CF94A-9B55-4731-9AAC-4CB342E3F9EC}.Debug|Any CPU.Deploy.0 = Debug|Any CPU
		{A63CF94A-9B55-4731-9AAC-4CB342E3F9EC}.Debug|ARM.ActiveCfg = Debug|Any CPU
		{A63CF94A-9B55-4731-9AAC-4CB342E3F9EC}.Debug|ARM.Build.0 = Debug|Any CPU
		{A63CF94A-9B55-4731-9AAC-4CB342E3F9EC}.Debug|ARM.Deploy.0 = Debug|Any CPU
		{A63CF94A-9B55-4731-9AAC-4CB342E3F9EC}.Debug|iPhone.ActiveCfg = Debug|Any CPU
		{A63CF94A-9B55-4731-9AAC-4CB342E3F9EC}.Debug|iPhone.Build.0 = Debug|Any CPU
		{A63CF94A-9B55-4731-9AAC-4CB342E3F9EC}.Debug|iPhone.Deploy.0 = Debug|Any CPU
		{A63CF94A-9B55-4731-9AAC-4CB342E3F9EC}.Debug|iPhoneSimulator.ActiveCfg = Debug|Any CPU
		{A63CF94A-9B55-4731-9AAC-4CB342E3F9EC}.Debug|iPhoneSimulator.Build.0 = Debug|Any CPU
		{A63CF94A-9B55-4731-9AAC-4CB342E3F9EC}.Debug|iPhoneSimulator.Deploy.0 = Debug|Any CPU
		{A63CF94A-9B55-4731-9AAC-4CB342E3F9EC}.Debug|x64.ActiveCfg = Debug|Any CPU
		{A63CF94A-9B55-4731-9AAC-4CB342E3F9EC}.Debug|x64.Build.0 = Debug|Any CPU
		{A63CF94A-9B55-4731-9AAC-4CB342E3F9EC}.Debug|x64.Deploy.0 = Debug|Any CPU
		{A63CF94A-9B55-4731-9AAC-4CB342E3F9EC}.Debug|x86.ActiveCfg = Debug|Any CPU
		{A63CF94A-9B55-4731-9AAC-4CB342E3F9EC}.Debug|x86.Build.0 = Debug|Any CPU
		{A63CF94A-9B55-4731-9AAC-4CB342E3F9EC}.Debug|x86.Deploy.0 = Debug|Any CPU
		{A63CF94A-9B55-4731-9AAC-4CB342E3F9EC}.Release|Any CPU.ActiveCfg = Release|Any CPU
		{A63CF94A-9B55-4731-9AAC-4CB342E3F9EC}.Release|Any CPU.Build.0 = Release|Any CPU
		{A63CF94A-9B55-4731-9AAC-4CB342E3F9EC}.Release|Any CPU.Deploy.0 = Release|Any CPU
		{A63CF94A-9B55-4731-9AAC-4CB342E3F9EC}.Release|ARM.ActiveCfg = Release|Any CPU
		{A63CF94A-9B55-4731-9AAC-4CB342E3F9EC}.Release|ARM.Build.0 = Release|Any CPU
		{A63CF94A-9B55-4731-9AAC-4CB342E3F9EC}.Release|ARM.Deploy.0 = Release|Any CPU
		{A63CF94A-9B55-4731-9AAC-4CB342E3F9EC}.Release|iPhone.ActiveCfg = Release|Any CPU
		{A63CF94A-9B55-4731-9AAC-4CB342E3F9EC}.Release|iPhone.Build.0 = Release|Any CPU
		{A63CF94A-9B55-4731-9AAC-4CB342E3F9EC}.Release|iPhone.Deploy.0 = Release|Any CPU
		{A63CF94A-9B55-4731-9AAC-4CB342E3F9EC}.Release|iPhoneSimulator.ActiveCfg = Release|Any CPU
		{A63CF94A-9B55-4731-9AAC-4CB342E3F9EC}.Release|iPhoneSimulator.Build.0 = Release|Any CPU
		{A63CF94A-9B55-4731-9AAC-4CB342E3F9EC}.Release|iPhoneSimulator.Deploy.0 = Release|Any CPU
		{A63CF94A-9B55-4731-9AAC-4CB342E3F9EC}.Release|x64.ActiveCfg = Release|Any CPU
		{A63CF94A-9B55-4731-9AAC-4CB342E3F9EC}.Release|x64.Build.0 = Release|Any CPU
		{A63CF94A-9B55-4731-9AAC-4CB342E3F9EC}.Release|x64.Deploy.0 = Release|Any CPU
		{A63CF94A-9B55-4731-9AAC-4CB342E3F9EC}.Release|x86.ActiveCfg = Release|Any CPU
		{A63CF94A-9B55-4731-9AAC-4CB342E3F9EC}.Release|x86.Build.0 = Release|Any CPU
		{A63CF94A-9B55-4731-9AAC-4CB342E3F9EC}.Release|x86.Deploy.0 = Release|Any CPU
		{499E3CD2-0217-4FF8-B1CE-65E4AD703790}.Ad-Hoc|Any CPU.ActiveCfg = Ad-Hoc|iPhone
		{499E3CD2-0217-4FF8-B1CE-65E4AD703790}.Ad-Hoc|ARM.ActiveCfg = Ad-Hoc|iPhone
		{499E3CD2-0217-4FF8-B1CE-65E4AD703790}.Ad-Hoc|iPhone.ActiveCfg = Ad-Hoc|iPhone
		{499E3CD2-0217-4FF8-B1CE-65E4AD703790}.Ad-Hoc|iPhone.Build.0 = Ad-Hoc|iPhone
		{499E3CD2-0217-4FF8-B1CE-65E4AD703790}.Ad-Hoc|iPhoneSimulator.ActiveCfg = Ad-Hoc|iPhoneSimulator
		{499E3CD2-0217-4FF8-B1CE-65E4AD703790}.Ad-Hoc|iPhoneSimulator.Build.0 = Ad-Hoc|iPhoneSimulator
		{499E3CD2-0217-4FF8-B1CE-65E4AD703790}.Ad-Hoc|x64.ActiveCfg = Ad-Hoc|iPhone
		{499E3CD2-0217-4FF8-B1CE-65E4AD703790}.Ad-Hoc|x86.ActiveCfg = Ad-Hoc|iPhone
		{499E3CD2-0217-4FF8-B1CE-65E4AD703790}.AppStore|Any CPU.ActiveCfg = AppStore|iPhone
		{499E3CD2-0217-4FF8-B1CE-65E4AD703790}.AppStore|ARM.ActiveCfg = AppStore|iPhone
		{499E3CD2-0217-4FF8-B1CE-65E4AD703790}.AppStore|iPhone.ActiveCfg = AppStore|iPhone
		{499E3CD2-0217-4FF8-B1CE-65E4AD703790}.AppStore|iPhone.Build.0 = AppStore|iPhone
		{499E3CD2-0217-4FF8-B1CE-65E4AD703790}.AppStore|iPhoneSimulator.ActiveCfg = AppStore|iPhoneSimulator
		{499E3CD2-0217-4FF8-B1CE-65E4AD703790}.AppStore|iPhoneSimulator.Build.0 = AppStore|iPhoneSimulator
		{499E3CD2-0217-4FF8-B1CE-65E4AD703790}.AppStore|x64.ActiveCfg = AppStore|iPhone
		{499E3CD2-0217-4FF8-B1CE-65E4AD703790}.AppStore|x86.ActiveCfg = AppStore|iPhone
		{499E3CD2-0217-4FF8-B1CE-65E4AD703790}.Debug|Any CPU.ActiveCfg = Debug|iPhone
		{499E3CD2-0217-4FF8-B1CE-65E4AD703790}.Debug|ARM.ActiveCfg = Debug|iPhone
		{499E3CD2-0217-4FF8-B1CE-65E4AD703790}.Debug|iPhone.ActiveCfg = Debug|iPhone
		{499E3CD2-0217-4FF8-B1CE-65E4AD703790}.Debug|iPhone.Build.0 = Debug|iPhone
		{499E3CD2-0217-4FF8-B1CE-65E4AD703790}.Debug|iPhoneSimulator.ActiveCfg = Debug|iPhoneSimulator
		{499E3CD2-0217-4FF8-B1CE-65E4AD703790}.Debug|iPhoneSimulator.Build.0 = Debug|iPhoneSimulator
		{499E3CD2-0217-4FF8-B1CE-65E4AD703790}.Debug|x64.ActiveCfg = Debug|iPhone
		{499E3CD2-0217-4FF8-B1CE-65E4AD703790}.Debug|x86.ActiveCfg = Debug|iPhone
		{499E3CD2-0217-4FF8-B1CE-65E4AD703790}.Release|Any CPU.ActiveCfg = Release|iPhone
		{499E3CD2-0217-4FF8-B1CE-65E4AD703790}.Release|ARM.ActiveCfg = Release|iPhone
		{499E3CD2-0217-4FF8-B1CE-65E4AD703790}.Release|iPhone.ActiveCfg = Release|iPhone
		{499E3CD2-0217-4FF8-B1CE-65E4AD703790}.Release|iPhone.Build.0 = Release|iPhone
		{499E3CD2-0217-4FF8-B1CE-65E4AD703790}.Release|iPhoneSimulator.ActiveCfg = Release|iPhoneSimulator
		{499E3CD2-0217-4FF8-B1CE-65E4AD703790}.Release|iPhoneSimulator.Build.0 = Release|iPhoneSimulator
		{499E3CD2-0217-4FF8-B1CE-65E4AD703790}.Release|x64.ActiveCfg = Release|iPhone
		{499E3CD2-0217-4FF8-B1CE-65E4AD703790}.Release|x86.ActiveCfg = Release|iPhone
	EndGlobalSection
	GlobalSection(SolutionProperties) = preSolution
		HideSolutionNode = FALSE
	EndGlobalSection
EndGlobal
